// !$*UTF8*$!
{
	archiveVersion = 1;
	classes = {
	};
	objectVersion = 50;
	objects = {

/* Begin PBXBuildFile section */
		9AC627E222AAD92F0080B600 /* AppDelegate.swift in Sources */ = {isa = PBXBuildFile; fileRef = 9AC627E122AAD92F0080B600 /* AppDelegate.swift */; };
		9AC627E422AAD92F0080B600 /* ViewController.swift in Sources */ = {isa = PBXBuildFile; fileRef = 9AC627E322AAD92F0080B600 /* ViewController.swift */; };
		9AC627E722AAD92F0080B600 /* Main.storyboard in Resources */ = {isa = PBXBuildFile; fileRef = 9AC627E522AAD92F0080B600 /* Main.storyboard */; };
		9AC627E922AAD9300080B600 /* Assets.xcassets in Resources */ = {isa = PBXBuildFile; fileRef = 9AC627E822AAD9300080B600 /* Assets.xcassets */; };
		9AC627EC22AAD9300080B600 /* LaunchScreen.storyboard in Resources */ = {isa = PBXBuildFile; fileRef = 9AC627EA22AAD9300080B600 /* LaunchScreen.storyboard */; };
		9AC627F722AAD9300080B600 /* Clock_Tranning_AppTests.swift in Sources */ = {isa = PBXBuildFile; fileRef = 9AC627F622AAD9300080B600 /* Clock_Tranning_AppTests.swift */; };
		9AC6280222AAD9300080B600 /* Clock_Tranning_AppUITests.swift in Sources */ = {isa = PBXBuildFile; fileRef = 9AC6280122AAD9300080B600 /* Clock_Tranning_AppUITests.swift */; };
/* End PBXBuildFile section */

/* Begin PBXContainerItemProxy section */
		9AC627F322AAD9300080B600 /* PBXContainerItemProxy */ = {
			isa = PBXContainerItemProxy;
			containerPortal = 9AC627D622AAD92F0080B600 /* Project object */;
			proxyType = 1;
			remoteGlobalIDString = 9AC627DD22AAD92F0080B600;
			remoteInfo = "Clock Tranning App";
		};
		9AC627FE22AAD9300080B600 /* PBXContainerItemProxy */ = {
			isa = PBXContainerItemProxy;
			containerPortal = 9AC627D622AAD92F0080B600 /* Project object */;
			proxyType = 1;
			remoteGlobalIDString = 9AC627DD22AAD92F0080B600;
			remoteInfo = "Clock Tranning App";
		};
/* End PBXContainerItemProxy section */

/* Begin PBXFileReference section */
		9AC627DE22AAD92F0080B600 /* Clock Tranning App.app */ = {isa = PBXFileReference; explicitFileType = wrapper.application; includeInIndex = 0; path = "Clock Tranning App.app"; sourceTree = BUILT_PRODUCTS_DIR; };
		9AC627E122AAD92F0080B600 /* AppDelegate.swift */ = {isa = PBXFileReference; lastKnownFileType = sourcecode.swift; path = AppDelegate.swift; sourceTree = "<group>"; };
		9AC627E322AAD92F0080B600 /* ViewController.swift */ = {isa = PBXFileReference; lastKnownFileType = sourcecode.swift; path = ViewController.swift; sourceTree = "<group>"; };
		9AC627E622AAD92F0080B600 /* Base */ = {isa = PBXFileReference; lastKnownFileType = file.storyboard; name = Base; path = Base.lproj/Main.storyboard; sourceTree = "<group>"; };
		9AC627E822AAD9300080B600 /* Assets.xcassets */ = {isa = PBXFileReference; lastKnownFileType = folder.assetcatalog; path = Assets.xcassets; sourceTree = "<group>"; };
		9AC627EB22AAD9300080B600 /* Base */ = {isa = PBXFileReference; lastKnownFileType = file.storyboard; name = Base; path = Base.lproj/LaunchScreen.storyboard; sourceTree = "<group>"; };
		9AC627ED22AAD9300080B600 /* Info.plist */ = {isa = PBXFileReference; lastKnownFileType = text.plist.xml; path = Info.plist; sourceTree = "<group>"; };
		9AC627F222AAD9300080B600 /* Clock Tranning AppTests.xctest */ = {isa = PBXFileReference; explicitFileType = wrapper.cfbundle; includeInIndex = 0; path = "Clock Tranning AppTests.xctest"; sourceTree = BUILT_PRODUCTS_DIR; };
		9AC627F622AAD9300080B600 /* Clock_Tranning_AppTests.swift */ = {isa = PBXFileReference; lastKnownFileType = sourcecode.swift; path = Clock_Tranning_AppTests.swift; sourceTree = "<group>"; };
		9AC627F822AAD9300080B600 /* Info.plist */ = {isa = PBXFileReference; lastKnownFileType = text.plist.xml; path = Info.plist; sourceTree = "<group>"; };
		9AC627FD22AAD9300080B600 /* Clock Tranning AppUITests.xctest */ = {isa = PBXFileReference; explicitFileType = wrapper.cfbundle; includeInIndex = 0; path = "Clock Tranning AppUITests.xctest"; sourceTree = BUILT_PRODUCTS_DIR; };
		9AC6280122AAD9300080B600 /* Clock_Tranning_AppUITests.swift */ = {isa = PBXFileReference; lastKnownFileType = sourcecode.swift; path = Clock_Tranning_AppUITests.swift; sourceTree = "<group>"; };
		9AC6280322AAD9300080B600 /* Info.plist */ = {isa = PBXFileReference; lastKnownFileType = text.plist.xml; path = Info.plist; sourceTree = "<group>"; };
/* End PBXFileReference section */

/* Begin PBXFrameworksBuildPhase section */
		9AC627DB22AAD92F0080B600 /* Frameworks */ = {
			isa = PBXFrameworksBuildPhase;
			buildActionMask = 2147483647;
			files = (
			);
			runOnlyForDeploymentPostprocessing = 0;
		};
		9AC627EF22AAD9300080B600 /* Frameworks */ = {
			isa = PBXFrameworksBuildPhase;
			buildActionMask = 2147483647;
			files = (
			);
			runOnlyForDeploymentPostprocessing = 0;
		};
		9AC627FA22AAD9300080B600 /* Frameworks */ = {
			isa = PBXFrameworksBuildPhase;
			buildActionMask = 2147483647;
			files = (
			);
			runOnlyForDeploymentPostprocessing = 0;
		};
/* End PBXFrameworksBuildPhase section */

/* Begin PBXGroup section */
		9AC627D522AAD92F0080B600 = {
			isa = PBXGroup;
			children = (
				9AC627E022AAD92F0080B600 /* Clock Tranning App */,
				9AC627F522AAD9300080B600 /* Clock Tranning AppTests */,
				9AC6280022AAD9300080B600 /* Clock Tranning AppUITests */,
				9AC627DF22AAD92F0080B600 /* Products */,
			);
			sourceTree = "<group>";
		};
		9AC627DF22AAD92F0080B600 /* Products */ = {
			isa = PBXGroup;
			children = (
				9AC627DE22AAD92F0080B600 /* Clock Tranning App.app */,
				9AC627F222AAD9300080B600 /* Clock Tranning AppTests.xctest */,
				9AC627FD22AAD9300080B600 /* Clock Tranning AppUITests.xctest */,
			);
			name = Products;
			sourceTree = "<group>";
		};
		9AC627E022AAD92F0080B600 /* Clock Tranning App */ = {
			isa = PBXGroup;
			children = (
				9AC627E122AAD92F0080B600 /* AppDelegate.swift */,
				9AC627E322AAD92F0080B600 /* ViewController.swift */,
				9AC627E522AAD92F0080B600 /* Main.storyboard */,
				9AC627E822AAD9300080B600 /* Assets.xcassets */,
				9AC627EA22AAD9300080B600 /* LaunchScreen.storyboard */,
				9AC627ED22AAD9300080B600 /* Info.plist */,
			);
			path = "Clock Tranning App";
			sourceTree = "<group>";
		};
		9AC627F522AAD9300080B600 /* Clock Tranning AppTests */ = {
			isa = PBXGroup;
			children = (
				9AC627F622AAD9300080B600 /* Clock_Tranning_AppTests.swift */,
				9AC627F822AAD9300080B600 /* Info.plist */,
			);
			path = "Clock Tranning AppTests";
			sourceTree = "<group>";
		};
		9AC6280022AAD9300080B600 /* Clock Tranning AppUITests */ = {
			isa = PBXGroup;
			children = (
				9AC6280122AAD9300080B600 /* Clock_Tranning_AppUITests.swift */,
				9AC6280322AAD9300080B600 /* Info.plist */,
			);
			path = "Clock Tranning AppUITests";
			sourceTree = "<group>";
		};
/* End PBXGroup section */

/* Begin PBXNativeTarget section */
		9AC627DD22AAD92F0080B600 /* Clock Tranning App */ = {
			isa = PBXNativeTarget;
			buildConfigurationList = 9AC6280622AAD9300080B600 /* Build configuration list for PBXNativeTarget "Clock Tranning App" */;
			buildPhases = (
				9AC627DA22AAD92F0080B600 /* Sources */,
				9AC627DB22AAD92F0080B600 /* Frameworks */,
				9AC627DC22AAD92F0080B600 /* Resources */,
			);
			buildRules = (
			);
			dependencies = (
			);
			name = "Clock Tranning App";
			productName = "Clock Tranning App";
			productReference = 9AC627DE22AAD92F0080B600 /* Clock Tranning App.app */;
			productType = "com.apple.product-type.application";
		};
		9AC627F122AAD9300080B600 /* Clock Tranning AppTests */ = {
			isa = PBXNativeTarget;
			buildConfigurationList = 9AC6280922AAD9300080B600 /* Build configuration list for PBXNativeTarget "Clock Tranning AppTests" */;
			buildPhases = (
				9AC627EE22AAD9300080B600 /* Sources */,
				9AC627EF22AAD9300080B600 /* Frameworks */,
				9AC627F022AAD9300080B600 /* Resources */,
			);
			buildRules = (
			);
			dependencies = (
				9AC627F422AAD9300080B600 /* PBXTargetDependency */,
			);
			name = "Clock Tranning AppTests";
			productName = "Clock Tranning AppTests";
			productReference = 9AC627F222AAD9300080B600 /* Clock Tranning AppTests.xctest */;
			productType = "com.apple.product-type.bundle.unit-test";
		};
		9AC627FC22AAD9300080B600 /* Clock Tranning AppUITests */ = {
			isa = PBXNativeTarget;
			buildConfigurationList = 9AC6280C22AAD9300080B600 /* Build configuration list for PBXNativeTarget "Clock Tranning AppUITests" */;
			buildPhases = (
				9AC627F922AAD9300080B600 /* Sources */,
				9AC627FA22AAD9300080B600 /* Frameworks */,
				9AC627FB22AAD9300080B600 /* Resources */,
			);
			buildRules = (
			);
			dependencies = (
				9AC627FF22AAD9300080B600 /* PBXTargetDependency */,
			);
			name = "Clock Tranning AppUITests";
			productName = "Clock Tranning AppUITests";
			productReference = 9AC627FD22AAD9300080B600 /* Clock Tranning AppUITests.xctest */;
			productType = "com.apple.product-type.bundle.ui-testing";
		};
/* End PBXNativeTarget section */

/* Begin PBXProject section */
		9AC627D622AAD92F0080B600 /* Project object */ = {
			isa = PBXProject;
			attributes = {
				LastSwiftUpdateCheck = 1020;
				LastUpgradeCheck = 1020;
				ORGANIZATIONNAME = "Marc Gallardo";
				TargetAttributes = {
					9AC627DD22AAD92F0080B600 = {
						CreatedOnToolsVersion = 10.2.1;
					};
					9AC627F122AAD9300080B600 = {
						CreatedOnToolsVersion = 10.2.1;
						TestTargetID = 9AC627DD22AAD92F0080B600;
					};
					9AC627FC22AAD9300080B600 = {
						CreatedOnToolsVersion = 10.2.1;
						TestTargetID = 9AC627DD22AAD92F0080B600;
					};
				};
			};
			buildConfigurationList = 9AC627D922AAD92F0080B600 /* Build configuration list for PBXProject "Clock Tranning App" */;
			compatibilityVersion = "Xcode 9.3";
			developmentRegion = en;
			hasScannedForEncodings = 0;
			knownRegions = (
				en,
				Base,
			);
			mainGroup = 9AC627D522AAD92F0080B600;
			productRefGroup = 9AC627DF22AAD92F0080B600 /* Products */;
			projectDirPath = "";
			projectRoot = "";
			targets = (
				9AC627DD22AAD92F0080B600 /* Clock Tranning App */,
				9AC627F122AAD9300080B600 /* Clock Tranning AppTests */,
				9AC627FC22AAD9300080B600 /* Clock Tranning AppUITests */,
			);
		};
/* End PBXProject section */

/* Begin PBXResourcesBuildPhase section */
		9AC627DC22AAD92F0080B600 /* Resources */ = {
			isa = PBXResourcesBuildPhase;
			buildActionMask = 2147483647;
			files = (
				9AC627EC22AAD9300080B600 /* LaunchScreen.storyboard in Resources */,
				9AC627E922AAD9300080B600 /* Assets.xcassets in Resources */,
				9AC627E722AAD92F0080B600 /* Main.storyboard in Resources */,
			);
			runOnlyForDeploymentPostprocessing = 0;
		};
		9AC627F022AAD9300080B600 /* Resources */ = {
			isa = PBXResourcesBuildPhase;
			buildActionMask = 2147483647;
			files = (
			);
			runOnlyForDeploymentPostprocessing = 0;
		};
		9AC627FB22AAD9300080B600 /* Resources */ = {
			isa = PBXResourcesBuildPhase;
			buildActionMask = 2147483647;
			files = (
			);
			runOnlyForDeploymentPostprocessing = 0;
		};
/* End PBXResourcesBuildPhase section */

/* Begin PBXSourcesBuildPhase section */
		9AC627DA22AAD92F0080B600 /* Sources */ = {
			isa = PBXSourcesBuildPhase;
			buildActionMask = 2147483647;
			files = (
				9AC627E422AAD92F0080B600 /* ViewController.swift in Sources */,
				9AC627E222AAD92F0080B600 /* AppDelegate.swift in Sources */,
			);
			runOnlyForDeploymentPostprocessing = 0;
		};
		9AC627EE22AAD9300080B600 /* Sources */ = {
			isa = PBXSourcesBuildPhase;
			buildActionMask = 2147483647;
			files = (
				9AC627F722AAD9300080B600 /* Clock_Tranning_AppTests.swift in Sources */,
			);
			runOnlyForDeploymentPostprocessing = 0;
		};
		9AC627F922AAD9300080B600 /* Sources */ = {
			isa = PBXSourcesBuildPhase;
			buildActionMask = 2147483647;
			files = (
				9AC6280222AAD9300080B600 /* Clock_Tranning_AppUITests.swift in Sources */,
			);
			runOnlyForDeploymentPostprocessing = 0;
		};
/* End PBXSourcesBuildPhase section */

/* Begin PBXTargetDependency section */
		9AC627F422AAD9300080B600 /* PBXTargetDependency */ = {
			isa = PBXTargetDependency;
			target = 9AC627DD22AAD92F0080B600 /* Clock Tranning App */;
			targetProxy = 9AC627F322AAD9300080B600 /* PBXContainerItemProxy */;
		};
		9AC627FF22AAD9300080B600 /* PBXTargetDependency */ = {
			isa = PBXTargetDependency;
			target = 9AC627DD22AAD92F0080B600 /* Clock Tranning App */;
			targetProxy = 9AC627FE22AAD9300080B600 /* PBXContainerItemProxy */;
		};
/* End PBXTargetDependency section */

/* Begin PBXVariantGroup section */
		9AC627E522AAD92F0080B600 /* Main.storyboard */ = {
			isa = PBXVariantGroup;
			children = (
				9AC627E622AAD92F0080B600 /* Base */,
			);
			name = Main.storyboard;
			sourceTree = "<group>";
		};
		9AC627EA22AAD9300080B600 /* LaunchScreen.storyboard */ = {
			isa = PBXVariantGroup;
			children = (
				9AC627EB22AAD9300080B600 /* Base */,
			);
			name = LaunchScreen.storyboard;
			sourceTree = "<group>";
		};
/* End PBXVariantGroup section */

/* Begin XCBuildConfiguration section */
		9AC6280422AAD9300080B600 /* Debug */ = {
			isa = XCBuildConfiguration;
			buildSettings = {
				ALWAYS_SEARCH_USER_PATHS = NO;
				CLANG_ANALYZER_NONNULL = YES;
				CLANG_ANALYZER_NUMBER_OBJECT_CONVERSION = YES_AGGRESSIVE;
				CLANG_CXX_LANGUAGE_STANDARD = "gnu++14";
				CLANG_CXX_LIBRARY = "libc++";
				CLANG_ENABLE_MODULES = YES;
				CLANG_ENABLE_OBJC_ARC = YES;
				CLANG_ENABLE_OBJC_WEAK = YES;
				CLANG_WARN_BLOCK_CAPTURE_AUTORELEASING = YES;
				CLANG_WARN_BOOL_CONVERSION = YES;
				CLANG_WARN_COMMA = YES;
				CLANG_WARN_CONSTANT_CONVERSION = YES;
				CLANG_WARN_DEPRECATED_OBJC_IMPLEMENTATIONS = YES;
				CLANG_WARN_DIRECT_OBJC_ISA_USAGE = YES_ERROR;
				CLANG_WARN_DOCUMENTATION_COMMENTS = YES;
				CLANG_WARN_EMPTY_BODY = YES;
				CLANG_WARN_ENUM_CONVERSION = YES;
				CLANG_WARN_INFINITE_RECURSION = YES;
				CLANG_WARN_INT_CONVERSION = YES;
				CLANG_WARN_NON_LITERAL_NULL_CONVERSION = YES;
				CLANG_WARN_OBJC_IMPLICIT_RETAIN_SELF = YES;
				CLANG_WARN_OBJC_LITERAL_CONVERSION = YES;
				CLANG_WARN_OBJC_ROOT_CLASS = YES_ERROR;
				CLANG_WARN_RANGE_LOOP_ANALYSIS = YES;
				CLANG_WARN_STRICT_PROTOTYPES = YES;
				CLANG_WARN_SUSPICIOUS_MOVE = YES;
				CLANG_WARN_UNGUARDED_AVAILABILITY = YES_AGGRESSIVE;
				CLANG_WARN_UNREACHABLE_CODE = YES;
				CLANG_WARN__DUPLICATE_METHOD_MATCH = YES;
				CODE_SIGN_IDENTITY = "iPhone Developer";
				COPY_PHASE_STRIP = NO;
				DEBUG_INFORMATION_FORMAT = dwarf;
				ENABLE_STRICT_OBJC_MSGSEND = YES;
				ENABLE_TESTABILITY = YES;
				GCC_C_LANGUAGE_STANDARD = gnu11;
				GCC_DYNAMIC_NO_PIC = NO;
				GCC_NO_COMMON_BLOCKS = YES;
				GCC_OPTIMIZATION_LEVEL = 0;
				GCC_PREPROCESSOR_DEFINITIONS = (
					"DEBUG=1",
					"$(inherited)",
				);
				GCC_WARN_64_TO_32_BIT_CONVERSION = YES;
				GCC_WARN_ABOUT_RETURN_TYPE = YES_ERROR;
				GCC_WARN_UNDECLARED_SELECTOR = YES;
				GCC_WARN_UNINITIALIZED_AUTOS = YES_AGGRESSIVE;
				GCC_WARN_UNUSED_FUNCTION = YES;
				GCC_WARN_UNUSED_VARIABLE = YES;
				IPHONEOS_DEPLOYMENT_TARGET = 12.2;
				MTL_ENABLE_DEBUG_INFO = INCLUDE_SOURCE;
				MTL_FAST_MATH = YES;
				ONLY_ACTIVE_ARCH = YES;
				SDKROOT = iphoneos;
				SWIFT_ACTIVE_COMPILATION_CONDITIONS = DEBUG;
				SWIFT_OPTIMIZATION_LEVEL = "-Onone";
			};
			name = Debug;
		};
		9AC6280522AAD9300080B600 /* Release */ = {
			isa = XCBuildConfiguration;
			buildSettings = {
				ALWAYS_SEARCH_USER_PATHS = NO;
				CLANG_ANALYZER_NONNULL = YES;
				CLANG_ANALYZER_NUMBER_OBJECT_CONVERSION = YES_AGGRESSIVE;
				CLANG_CXX_LANGUAGE_STANDARD = "gnu++14";
				CLANG_CXX_LIBRARY = "libc++";
				CLANG_ENABLE_MODULES = YES;
				CLANG_ENABLE_OBJC_ARC = YES;
				CLANG_ENABLE_OBJC_WEAK = YES;
				CLANG_WARN_BLOCK_CAPTURE_AUTORELEASING = YES;
				CLANG_WARN_BOOL_CONVERSION = YES;
				CLANG_WARN_COMMA = YES;
				CLANG_WARN_CONSTANT_CONVERSION = YES;
				CLANG_WARN_DEPRECATED_OBJC_IMPLEMENTATIONS = YES;
				CLANG_WARN_DIRECT_OBJC_ISA_USAGE = YES_ERROR;
				CLANG_WARN_DOCUMENTATION_COMMENTS = YES;
				CLANG_WARN_EMPTY_BODY = YES;
				CLANG_WARN_ENUM_CONVERSION = YES;
				CLANG_WARN_INFINITE_RECURSION = YES;
				CLANG_WARN_INT_CONVERSION = YES;
				CLANG_WARN_NON_LITERAL_NULL_CONVERSION = YES;
				CLANG_WARN_OBJC_IMPLICIT_RETAIN_SELF = YES;
				CLANG_WARN_OBJC_LITERAL_CONVERSION = YES;
				CLANG_WARN_OBJC_ROOT_CLASS = YES_ERROR;
				CLANG_WARN_RANGE_LOOP_ANALYSIS = YES;
				CLANG_WARN_STRICT_PROTOTYPES = YES;
				CLANG_WARN_SUSPICIOUS_MOVE = YES;
				CLANG_WARN_UNGUARDED_AVAILABILITY = YES_AGGRESSIVE;
				CLANG_WARN_UNREACHABLE_CODE = YES;
				CLANG_WARN__DUPLICATE_METHOD_MATCH = YES;
				CODE_SIGN_IDENTITY = "iPhone Developer";
				COPY_PHASE_STRIP = NO;
				DEBUG_INFORMATION_FORMAT = "dwarf-with-dsym";
				ENABLE_NS_ASSERTIONS = NO;
				ENABLE_STRICT_OBJC_MSGSEND = YES;
				GCC_C_LANGUAGE_STANDARD = gnu11;
				GCC_NO_COMMON_BLOCKS = YES;
				GCC_WARN_64_TO_32_BIT_CONVERSION = YES;
				GCC_WARN_ABOUT_RETURN_TYPE = YES_ERROR;
				GCC_WARN_UNDECLARED_SELECTOR = YES;
				GCC_WARN_UNINITIALIZED_AUTOS = YES_AGGRESSIVE;
				GCC_WARN_UNUSED_FUNCTION = YES;
				GCC_WARN_UNUSED_VARIABLE = YES;
				IPHONEOS_DEPLOYMENT_TARGET = 12.2;
				MTL_ENABLE_DEBUG_INFO = NO;
				MTL_FAST_MATH = YES;
				SDKROOT = iphoneos;
				SWIFT_COMPILATION_MODE = wholemodule;
				SWIFT_OPTIMIZATION_LEVEL = "-O";
				VALIDATE_PRODUCT = YES;
			};
			name = Release;
		};
		9AC6280722AAD9300080B600 /* Debug */ = {
			isa = XCBuildConfiguration;
			buildSettings = {
				ASSETCATALOG_COMPILER_APPICON_NAME = AppIcon;
				CODE_SIGN_STYLE = Automatic;
				DEVELOPMENT_TEAM = W4VJ9THEFP;
				INFOPLIST_FILE = "Clock Tranning App/Info.plist";
				LD_RUNPATH_SEARCH_PATHS = (
					"$(inherited)",
					"@executable_path/Frameworks",
				);
				PRODUCT_BUNDLE_IDENTIFIER = "GallardosSA.Clock-Tranning-App";
				PRODUCT_NAME = "$(TARGET_NAME)";
				SWIFT_VERSION = 5.0;
				TARGETED_DEVICE_FAMILY = "1,2";
			};
			name = Debug;
		};
		9AC6280822AAD9300080B600 /* Release */ = {
			isa = XCBuildConfiguration;
			buildSettings = {
				ASSETCATALOG_COMPILER_APPICON_NAME = AppIcon;
				CODE_SIGN_STYLE = Automatic;
				DEVELOPMENT_TEAM = W4VJ9THEFP;
				INFOPLIST_FILE = "Clock Tranning App/Info.plist";
				LD_RUNPATH_SEARCH_PATHS = (
					"$(inherited)",
					"@executable_path/Frameworks",
				);
				PRODUCT_BUNDLE_IDENTIFIER = "GallardosSA.Clock-Tranning-App";
				PRODUCT_NAME = "$(TARGET_NAME)";
				SWIFT_VERSION = 5.0;
				TARGETED_DEVICE_FAMILY = "1,2";
			};
			name = Release;
		};
		9AC6280A22AAD9300080B600 /* Debug */ = {
			isa = XCBuildConfiguration;
			buildSettings = {
				ALWAYS_EMBED_SWIFT_STANDARD_LIBRARIES = YES;
				BUNDLE_LOADER = "$(TEST_HOST)";
				CODE_SIGN_STYLE = Automatic;
				DEVELOPMENT_TEAM = W4VJ9THEFP;
				INFOPLIST_FILE = "Clock Tranning AppTests/Info.plist";
				LD_RUNPATH_SEARCH_PATHS = (
					"$(inherited)",
					"@executable_path/Frameworks",
					"@loader_path/Frameworks",
				);
				PRODUCT_BUNDLE_IDENTIFIER = "GallardosSA.Clock-Tranning-AppTests";
				PRODUCT_NAME = "$(TARGET_NAME)";
				SWIFT_VERSION = 5.0;
				TARGETED_DEVICE_FAMILY = "1,2";
				TEST_HOST = "$(BUILT_PRODUCTS_DIR)/Clock Tranning App.app/Clock Tranning App";
			};
			name = Debug;
		};
		9AC6280B22AAD9300080B600 /* Release */ = {
			isa = XCBuildConfiguration;
			buildSettings = {
				ALWAYS_EMBED_SWIFT_STANDARD_LIBRARIES = YES;
				BUNDLE_LOADER = "$(TEST_HOST)";
				CODE_SIGN_STYLE = Automatic;
				DEVELOPMENT_TEAM = W4VJ9THEFP;
				INFOPLIST_FILE = "Clock Tranning AppTests/Info.plist";
				LD_RUNPATH_SEARCH_PATHS = (
					"$(inherited)",
					"@executable_path/Frameworks",
					"@loader_path/Frameworks",
				);
				PRODUCT_BUNDLE_IDENTIFIER = "GallardosSA.Clock-Tranning-AppTests";
				PRODUCT_NAME = "$(TARGET_NAME)";
				SWIFT_VERSION = 5.0;
				TARGETED_DEVICE_FAMILY = "1,2";
				TEST_HOST = "$(BUILT_PRODUCTS_DIR)/Clock Tranning App.app/Clock Tranning App";
			};
			name = Release;
		};
		9AC6280D22AAD9300080B600 /* Debug */ = {
			isa = XCBuildConfiguration;
			buildSettings = {
				ALWAYS_EMBED_SWIFT_STANDARD_LIBRARIES = YES;
				CODE_SIGN_STYLE = Automatic;
				DEVELOPMENT_TEAM = W4VJ9THEFP;
				INFOPLIST_FILE = "Clock Tranning AppUITests/Info.plist";
				LD_RUNPATH_SEARCH_PATHS = (
					"$(inherited)",
					"@executable_path/Frameworks",
					"@loader_path/Frameworks",
				);
				PRODUCT_BUNDLE_IDENTIFIER = "GallardosSA.Clock-Tranning-AppUITests";
				PRODUCT_NAME = "$(TARGET_NAME)";
				SWIFT_VERSION = 5.0;
				TARGETED_DEVICE_FAMILY = "1,2";
				TEST_TARGET_NAME = "Clock Tranning App";
			};
			name = Debug;
		};
		9AC6280E22AAD9300080B600 /* Release */ = {
			isa = XCBuildConfiguration;
			buildSettings = {
				ALWAYS_EMBED_SWIFT_STANDARD_LIBRARIES = YES;
				CODE_SIGN_STYLE = Automatic;
				DEVELOPMENT_TEAM = W4VJ9THEFP;
				INFOPLIST_FILE = "Clock Tranning AppUITests/Info.plist";
				LD_RUNPATH_SEARCH_PATHS = (
					"$(inherited)",
					"@executable_path/Frameworks",
					"@loader_path/Frameworks",
				);
				PRODUCT_BUNDLE_IDENTIFIER = "GallardosSA.Clock-Tranning-AppUITests";
				PRODUCT_NAME = "$(TARGET_NAME)";
				SWIFT_VERSION = 5.0;
				TARGETED_DEVICE_FAMILY = "1,2";
				TEST_TARGET_NAME = "Clock Tranning App";
			};
			name = Release;
		};
/* End XCBuildConfiguration section */

/* Begin XCConfigurationList section */
		9AC627D922AAD92F0080B600 /* Build configuration list for PBXProject "Clock Tranning App" */ = {
			isa = XCConfigurationList;
			buildConfigurations = (
				9AC6280422AAD9300080B600 /* Debug */,
				9AC6280522AAD9300080B600 /* Release */,
			);
			defaultConfigurationIsVisible = 0;
			defaultConfigurationName = Release;
		};
		9AC6280622AAD9300080B600 /* Build configuration list for PBXNativeTarget "Clock Tranning App" */ = {
			isa = XCConfigurationList;
			buildConfigurations = (
				9AC6280722AAD9300080B600 /* Debug */,
				9AC6280822AAD9300080B600 /* Release */,
			);
			defaultConfigurationIsVisible = 0;
			defaultConfigurationName = Release;
		};
		9AC6280922AAD9300080B600 /* Build configuration list for PBXNativeTarget "Clock Tranning AppTests" */ = {
			isa = XCConfigurationList;
			buildConfigurations = (
				9AC6280A22AAD9300080B600 /* Debug */,
				9AC6280B22AAD9300080B600 /* Release */,
			);
			defaultConfigurationIsVisible = 0;
			defaultConfigurationName = Release;
		};
		9AC6280C22AAD9300080B600 /* Build configuration list for PBXNativeTarget "Clock Tranning AppUITests" */ = {
			isa = XCConfigurationList;
			buildConfigurations = (
				9AC6280D22AAD9300080B600 /* Debug */,
				9AC6280E22AAD9300080B600 /* Release */,
			);
			defaultConfigurationIsVisible = 0;
			defaultConfigurationName = Release;
		};
/* End XCConfigurationList section */
	};
	rootObject = 9AC627D622AAD92F0080B600 /* Project object */;
}
